
Microsoft Visual Studio Solution File, Format Version 12.00
# Visual Studio Version 17
VisualStudioVersion = 17.10.34916.146
MinimumVisualStudioVersion = 10.0.40219.1
Project("{9A19103F-16F7-4668-BE54-9A1E7A4F7556}") = "ConsoleQuestion10Nov2024", "ConsoleQuestion10Nov2024\ConsoleQuestion10Nov2024.csproj", "{30BDA4B5-8DC0-420C-A93B-CCC3EC619CDD}"
EndProject
Project("{9A19103F-16F7-4668-BE54-9A1E7A4F7556}") = "ConsoleCause10Nov2024", "ConsoleCause10Nov2024\ConsoleCause10Nov2024.csproj", "{DA04FEB1-CB93-4493-9081-2143D5C1AAFA}"
EndProject
Project("{9A19103F-16F7-4668-BE54-9A1E7A4F7556}") = "ConsoleExplanation10Nov2024", "ConsoleExplanation10Nov2024\ConsoleExplanation10Nov2024.csproj", "{28A157F2-7E00-4AF5-8F41-F3C278139C59}"
EndProject
Project("{9A19103F-16F7-4668-BE54-9A1E7A4F7556}") = "ConsoleEffect10Nov2024", "ConsoleEffect10Nov2024\ConsoleEffect10Nov2024.csproj", "{42A1269A-F3DC-4831-845B-481D9AA1A9F5}"
EndProject
Project("{9A19103F-16F7-4668-BE54-9A1E7A4F7556}") = "ConsoleContext10Nov2024", "ConsoleContext10Nov2024\ConsoleContext10Nov2024.csproj", "{75794838-73F7-4549-95C5-5CBA04F6BE72}"
EndProject
Project("{9A19103F-16F7-4668-BE54-9A1E7A4F7556}") = "ConsoleContext11Nov2024", "ConsoleContext11Nov2024\ConsoleContext11Nov2024.csproj", "{744E3548-AA83-49CB-8C51-E230011C0819}"
EndProject
Project("{9A19103F-16F7-4668-BE54-9A1E7A4F7556}") = "ConsoleWikiWhy12Nov2024", "ConsoleWikiWhy12Nov2024\ConsoleWikiWhy12Nov2024.csproj", "{B8BFB3E6-DAC7-4720-9DD4-96837283BC6B}"
EndProject
Project("{9A19103F-16F7-4668-BE54-9A1E7A4F7556}") = "LibraryWikiWhy13Nov2024", "LibraryWikiWhy13Nov2024\LibraryWikiWhy13Nov2024.csproj", "{D1176A93-6930-4897-8615-07B00FFCFDAD}"
EndProject
Project("{9A19103F-16F7-4668-BE54-9A1E7A4F7556}") = "ConsoleWikiWhy13Nov2024", "ConsoleWikiWhy13Nov2024\ConsoleWikiWhy13Nov2024.csproj", "{06F177EB-4780-4FA2-8D18-A18BB61B1E13}"
EndProject
Project("{9A19103F-16F7-4668-BE54-9A1E7A4F7556}") = "LibraryRNN10Nov2024", "LibraryRNN10Nov2024\LibraryRNN10Nov2024.csproj", "{5B815CB2-F350-4461-845E-2B487062882C}"
EndProject
Project("{9A19103F-16F7-4668-BE54-9A1E7A4F7556}") = "ConsoleRNNGloVe10Nov2024_300d", "ConsoleRNNGloVe10Nov2024_300d\ConsoleRNNGloVe10Nov2024_300d.csproj", "{C278535B-E575-4ACD-9D3D-92A5BBE319E0}"
EndProject
Project("{9A19103F-16F7-4668-BE54-9A1E7A4F7556}") = "LibraryGlobalVectors10Nov2024", "LibraryGlobalVectors10Nov2024\LibraryGlobalVectors10Nov2024.csproj", "{76F74F60-5908-4CB5-AAB5-6B1FB87909C3}"
EndProject
Project("{9A19103F-16F7-4668-BE54-9A1E7A4F7556}") = "ConsoleRNN10Nov2024", "ConsoleRNN10Nov2024\ConsoleRNN10Nov2024.csproj", "{DD5B8A99-7DFB-4051-8CD4-D3CA2670CDFB}"
EndProject
Project("{9A19103F-16F7-4668-BE54-9A1E7A4F7556}") = "ConsoleRNNGloVe10Nov2024_100d", "ConsoleRNNGloVe10Nov2024_100d\ConsoleRNNGloVe10Nov2024_100d.csproj", "{2518ADD9-6583-47EB-8CA9-F100DFDC3E4C}"
EndProject
Project("{9A19103F-16F7-4668-BE54-9A1E7A4F7556}") = "LibraryImprovedRNN10Nov2024", "LibraryImprovedRNN10Nov2024\LibraryImprovedRNN10Nov2024.csproj", "{388639A1-3572-4AA4-B849-B7977332A094}"
EndProject
Project("{9A19103F-16F7-4668-BE54-9A1E7A4F7556}") = "ConsoleImprovedRNN10Nov2024_300d", "ConsoleImprovedRNN10Nov2024_300d\ConsoleImprovedRNN10Nov2024_300d.csproj", "{9F16ABF8-510A-413E-A657-A9EF45C94D8D}"
EndProject
Project("{9A19103F-16F7-4668-BE54-9A1E7A4F7556}") = "ConsoleImprovedRNN11Nov2024_300d", "ConsoleImprovedRNN11Nov2024_300d\ConsoleImprovedRNN11Nov2024_300d.csproj", "{2F5213C2-C018-45FE-BC7C-B51F0D2C25FE}"
EndProject
Project("{9A19103F-16F7-4668-BE54-9A1E7A4F7556}") = "LibraryGradientRNN10Nov2024", "LibraryGradientRNN10Nov2024\LibraryGradientRNN10Nov2024.csproj", "{7A55D26E-603A-4650-BE7B-154CFF21953A}"
EndProject
Project("{9A19103F-16F7-4668-BE54-9A1E7A4F7556}") = "ConsoleGradientRNN10Nov2024_300d", "ConsoleGradientRNN10Nov2024_300d\ConsoleGradientRNN10Nov2024_300d.csproj", "{9E0E2142-E2AF-4EE8-96E5-FC4461B4D535}"
EndProject
Project("{9A19103F-16F7-4668-BE54-9A1E7A4F7556}") = "ConsoleGradientRNNGloVe10Nov2024_300d", "ConsoleGradientRNNGloVe10Nov2024_300d\ConsoleGradientRNNGloVe10Nov2024_300d.csproj", "{EDFE3569-E3B1-450F-8027-DC31754FC9F3}"
EndProject
Project("{FAE04EC0-301F-11D3-BF4B-00C04F79EFBC}") = "ConsoleCodeAnalysisCSharp10Nov2024", "ConsoleCodeAnalysisCSharp10Nov2024\ConsoleCodeAnalysisCSharp10Nov2024.csproj", "{21CFA0B4-9FA2-4B2A-9BBE-5620C5A83A0C}"
EndProject
Project("{FAE04EC0-301F-11D3-BF4B-00C04F79EFBC}") = "ConsoleCodeAnalysisCSharp11Nov2024", "ConsoleCodeAnalysisCSharp11Nov2024\ConsoleCodeAnalysisCSharp11Nov2024.csproj", "{9270F052-B521-49B0-A616-A877EAFA7BE6}"
EndProject
Project("{FAE04EC0-301F-11D3-BF4B-00C04F79EFBC}") = "ConsoleCodeAnalysisCSharp12Nov2024", "ConsoleCodeAnalysisCSharp12Nov2024\ConsoleCodeAnalysisCSharp12Nov2024.csproj", "{FAF24312-4B5C-4C95-BD6B-153616983818}"
EndProject
Project("{FAE04EC0-301F-11D3-BF4B-00C04F79EFBC}") = "ConsoleCodeAnalysisCSharp13Nov2024", "ConsoleCodeAnalysisCSharp13Nov2024\ConsoleCodeAnalysisCSharp13Nov2024.csproj", "{8DC63E83-11F2-49C2-98AD-F9B920B17FF7}"
EndProject
Project("{FAE04EC0-301F-11D3-BF4B-00C04F79EFBC}") = "ConsoleCodeAnalysisCSharp14Nov2024", "ConsoleCodeAnalysisCSharp14Nov2024\ConsoleCodeAnalysisCSharp14Nov2024.csproj", "{08B544B3-3182-4E20-AAFC-A3593C5382DF}"
EndProject
Project("{FAE04EC0-301F-11D3-BF4B-00C04F79EFBC}") = "ConsoleCodeAnalysisCSharp15Nov2024", "ConsoleCodeAnalysisCSharp15Nov2024\ConsoleCodeAnalysisCSharp15Nov2024.csproj", "{96EE881E-DBA0-4DF1-AC3A-1C1F8D0109D9}"
EndProject
Project("{FAE04EC0-301F-11D3-BF4B-00C04F79EFBC}") = "ConsoleCodeAnalysisCSharp16Nov2024", "ConsoleCodeAnalysisCSharp16Nov2024\ConsoleCodeAnalysisCSharp16Nov2024.csproj", "{1672B79D-69FC-4A88-9259-95B1FD2033BC}"
EndProject
Project("{FAE04EC0-301F-11D3-BF4B-00C04F79EFBC}") = "ConsoleCodeAnalysisCSharp17Nov2024", "ConsoleCodeAnalysisCSharp17Nov2024\ConsoleCodeAnalysisCSharp17Nov2024.csproj", "{032B6E5F-9A63-481A-9178-C50F9671C69E}"
EndProject
Project("{FAE04EC0-301F-11D3-BF4B-00C04F79EFBC}") = "ConsoleCodeAnalysisCSharp18Nov2024", "ConsoleCodeAnalysisCSharp18Nov2024\ConsoleCodeAnalysisCSharp18Nov2024.csproj", "{4EFD4BAB-6661-4596-B332-B3BC25C6C86F}"
EndProject
Project("{FAE04EC0-301F-11D3-BF4B-00C04F79EFBC}") = "ConsoleCodeAnalysisCSharp19Nov2024", "ConsoleCodeAnalysisCSharp19Nov2024\ConsoleCodeAnalysisCSharp19Nov2024.csproj", "{D3EC9737-436F-4B47-8721-12207CF5A669}"
EndProject
Project("{FAE04EC0-301F-11D3-BF4B-00C04F79EFBC}") = "ConsoleCodeAnalysisCSharp20Nov2024", "ConsoleCodeAnalysisCSharp20Nov2024\ConsoleCodeAnalysisCSharp20Nov2024.csproj", "{84CA41BA-AF70-4AAC-B784-B35417808A9C}"
EndProject
Project("{FAE04EC0-301F-11D3-BF4B-00C04F79EFBC}") = "ConsoleCodeAnalysisCSharp21Nov2024", "ConsoleCodeAnalysisCSharp21Nov2024\ConsoleCodeAnalysisCSharp21Nov2024.csproj", "{125B53B5-1BC6-473F-A890-09211D8B5275}"
EndProject
Project("{FAE04EC0-301F-11D3-BF4B-00C04F79EFBC}") = "ConsoleCodeAnalysisCSharp22Nov2024", "ConsoleCodeAnalysisCSharp22Nov2024\ConsoleCodeAnalysisCSharp22Nov2024.csproj", "{65D77FCE-A6F4-4810-A8F6-21B8BB89CF0C}"
EndProject
Project("{FAE04EC0-301F-11D3-BF4B-00C04F79EFBC}") = "ConsoleCodeAnalysisCSharp23Nov2024", "ConsoleCodeAnalysisCSharp23Nov2024\ConsoleCodeAnalysisCSharp23Nov2024.csproj", "{6668E989-FE26-4FC3-8722-1E6DF3BB5BE2}"
EndProject
Project("{FAE04EC0-301F-11D3-BF4B-00C04F79EFBC}") = "ConsoleCodeAnalysisCSharp24Nov2024", "ConsoleCodeAnalysisCSharp24Nov2024\ConsoleCodeAnalysisCSharp24Nov2024.csproj", "{AF95D37F-BD61-4D10-B6AA-29F97D75E60E}"
EndProject
Global
	GlobalSection(SolutionConfigurationPlatforms) = preSolution
		Debug|Any CPU = Debug|Any CPU
		Release|Any CPU = Release|Any CPU
	EndGlobalSection
	GlobalSection(ProjectConfigurationPlatforms) = postSolution
		{30BDA4B5-8DC0-420C-A93B-CCC3EC619CDD}.Debug|Any CPU.ActiveCfg = Debug|Any CPU
		{30BDA4B5-8DC0-420C-A93B-CCC3EC619CDD}.Debug|Any CPU.Build.0 = Debug|Any CPU
		{30BDA4B5-8DC0-420C-A93B-CCC3EC619CDD}.Release|Any CPU.ActiveCfg = Release|Any CPU
		{30BDA4B5-8DC0-420C-A93B-CCC3EC619CDD}.Release|Any CPU.Build.0 = Release|Any CPU
		{DA04FEB1-CB93-4493-9081-2143D5C1AAFA}.Debug|Any CPU.ActiveCfg = Debug|Any CPU
		{DA04FEB1-CB93-4493-9081-2143D5C1AAFA}.Debug|Any CPU.Build.0 = Debug|Any CPU
		{DA04FEB1-CB93-4493-9081-2143D5C1AAFA}.Release|Any CPU.ActiveCfg = Release|Any CPU
		{DA04FEB1-CB93-4493-9081-2143D5C1AAFA}.Release|Any CPU.Build.0 = Release|Any CPU
		{28A157F2-7E00-4AF5-8F41-F3C278139C59}.Debug|Any CPU.ActiveCfg = Debug|Any CPU
		{28A157F2-7E00-4AF5-8F41-F3C278139C59}.Debug|Any CPU.Build.0 = Debug|Any CPU
		{28A157F2-7E00-4AF5-8F41-F3C278139C59}.Release|Any CPU.ActiveCfg = Release|Any CPU
		{28A157F2-7E00-4AF5-8F41-F3C278139C59}.Release|Any CPU.Build.0 = Release|Any CPU
		{42A1269A-F3DC-4831-845B-481D9AA1A9F5}.Debug|Any CPU.ActiveCfg = Debug|Any CPU
		{42A1269A-F3DC-4831-845B-481D9AA1A9F5}.Debug|Any CPU.Build.0 = Debug|Any CPU
		{42A1269A-F3DC-4831-845B-481D9AA1A9F5}.Release|Any CPU.ActiveCfg = Release|Any CPU
		{42A1269A-F3DC-4831-845B-481D9AA1A9F5}.Release|Any CPU.Build.0 = Release|Any CPU
		{75794838-73F7-4549-95C5-5CBA04F6BE72}.Debug|Any CPU.ActiveCfg = Debug|Any CPU
		{75794838-73F7-4549-95C5-5CBA04F6BE72}.Debug|Any CPU.Build.0 = Debug|Any CPU
		{75794838-73F7-4549-95C5-5CBA04F6BE72}.Release|Any CPU.ActiveCfg = Release|Any CPU
		{75794838-73F7-4549-95C5-5CBA04F6BE72}.Release|Any CPU.Build.0 = Release|Any CPU
		{744E3548-AA83-49CB-8C51-E230011C0819}.Debug|Any CPU.ActiveCfg = Debug|Any CPU
		{744E3548-AA83-49CB-8C51-E230011C0819}.Debug|Any CPU.Build.0 = Debug|Any CPU
		{744E3548-AA83-49CB-8C51-E230011C0819}.Release|Any CPU.ActiveCfg = Release|Any CPU
		{744E3548-AA83-49CB-8C51-E230011C0819}.Release|Any CPU.Build.0 = Release|Any CPU
		{B8BFB3E6-DAC7-4720-9DD4-96837283BC6B}.Debug|Any CPU.ActiveCfg = Debug|Any CPU
		{B8BFB3E6-DAC7-4720-9DD4-96837283BC6B}.Debug|Any CPU.Build.0 = Debug|Any CPU
		{B8BFB3E6-DAC7-4720-9DD4-96837283BC6B}.Release|Any CPU.ActiveCfg = Release|Any CPU
		{B8BFB3E6-DAC7-4720-9DD4-96837283BC6B}.Release|Any CPU.Build.0 = Release|Any CPU
		{D1176A93-6930-4897-8615-07B00FFCFDAD}.Debug|Any CPU.ActiveCfg = Debug|Any CPU
		{D1176A93-6930-4897-8615-07B00FFCFDAD}.Debug|Any CPU.Build.0 = Debug|Any CPU
		{D1176A93-6930-4897-8615-07B00FFCFDAD}.Release|Any CPU.ActiveCfg = Release|Any CPU
		{D1176A93-6930-4897-8615-07B00FFCFDAD}.Release|Any CPU.Build.0 = Release|Any CPU
		{06F177EB-4780-4FA2-8D18-A18BB61B1E13}.Debug|Any CPU.ActiveCfg = Debug|Any CPU
		{06F177EB-4780-4FA2-8D18-A18BB61B1E13}.Debug|Any CPU.Build.0 = Debug|Any CPU
		{06F177EB-4780-4FA2-8D18-A18BB61B1E13}.Release|Any CPU.ActiveCfg = Release|Any CPU
		{06F177EB-4780-4FA2-8D18-A18BB61B1E13}.Release|Any CPU.Build.0 = Release|Any CPU
		{5B815CB2-F350-4461-845E-2B487062882C}.Debug|Any CPU.ActiveCfg = Debug|Any CPU
		{5B815CB2-F350-4461-845E-2B487062882C}.Debug|Any CPU.Build.0 = Debug|Any CPU
		{5B815CB2-F350-4461-845E-2B487062882C}.Release|Any CPU.ActiveCfg = Release|Any CPU
		{5B815CB2-F350-4461-845E-2B487062882C}.Release|Any CPU.Build.0 = Release|Any CPU
		{C278535B-E575-4ACD-9D3D-92A5BBE319E0}.Debug|Any CPU.ActiveCfg = Debug|Any CPU
		{C278535B-E575-4ACD-9D3D-92A5BBE319E0}.Debug|Any CPU.Build.0 = Debug|Any CPU
		{C278535B-E575-4ACD-9D3D-92A5BBE319E0}.Release|Any CPU.ActiveCfg = Release|Any CPU
		{C278535B-E575-4ACD-9D3D-92A5BBE319E0}.Release|Any CPU.Build.0 = Release|Any CPU
		{76F74F60-5908-4CB5-AAB5-6B1FB87909C3}.Debug|Any CPU.ActiveCfg = Debug|Any CPU
		{76F74F60-5908-4CB5-AAB5-6B1FB87909C3}.Debug|Any CPU.Build.0 = Debug|Any CPU
		{76F74F60-5908-4CB5-AAB5-6B1FB87909C3}.Release|Any CPU.ActiveCfg = Release|Any CPU
		{76F74F60-5908-4CB5-AAB5-6B1FB87909C3}.Release|Any CPU.Build.0 = Release|Any CPU
		{DD5B8A99-7DFB-4051-8CD4-D3CA2670CDFB}.Debug|Any CPU.ActiveCfg = Debug|Any CPU
		{DD5B8A99-7DFB-4051-8CD4-D3CA2670CDFB}.Debug|Any CPU.Build.0 = Debug|Any CPU
		{DD5B8A99-7DFB-4051-8CD4-D3CA2670CDFB}.Release|Any CPU.ActiveCfg = Release|Any CPU
		{DD5B8A99-7DFB-4051-8CD4-D3CA2670CDFB}.Release|Any CPU.Build.0 = Release|Any CPU
		{2518ADD9-6583-47EB-8CA9-F100DFDC3E4C}.Debug|Any CPU.ActiveCfg = Debug|Any CPU
		{2518ADD9-6583-47EB-8CA9-F100DFDC3E4C}.Debug|Any CPU.Build.0 = Debug|Any CPU
		{2518ADD9-6583-47EB-8CA9-F100DFDC3E4C}.Release|Any CPU.ActiveCfg = Release|Any CPU
		{2518ADD9-6583-47EB-8CA9-F100DFDC3E4C}.Release|Any CPU.Build.0 = Release|Any CPU
		{388639A1-3572-4AA4-B849-B7977332A094}.Debug|Any CPU.ActiveCfg = Debug|Any CPU
		{388639A1-3572-4AA4-B849-B7977332A094}.Debug|Any CPU.Build.0 = Debug|Any CPU
		{388639A1-3572-4AA4-B849-B7977332A094}.Release|Any CPU.ActiveCfg = Release|Any CPU
		{388639A1-3572-4AA4-B849-B7977332A094}.Release|Any CPU.Build.0 = Release|Any CPU
		{9F16ABF8-510A-413E-A657-A9EF45C94D8D}.Debug|Any CPU.ActiveCfg = Debug|Any CPU
		{9F16ABF8-510A-413E-A657-A9EF45C94D8D}.Debug|Any CPU.Build.0 = Debug|Any CPU
		{9F16ABF8-510A-413E-A657-A9EF45C94D8D}.Release|Any CPU.ActiveCfg = Release|Any CPU
		{9F16ABF8-510A-413E-A657-A9EF45C94D8D}.Release|Any CPU.Build.0 = Release|Any CPU
		{2F5213C2-C018-45FE-BC7C-B51F0D2C25FE}.Debug|Any CPU.ActiveCfg = Debug|Any CPU
		{2F5213C2-C018-45FE-BC7C-B51F0D2C25FE}.Debug|Any CPU.Build.0 = Debug|Any CPU
		{2F5213C2-C018-45FE-BC7C-B51F0D2C25FE}.Release|Any CPU.ActiveCfg = Release|Any CPU
		{2F5213C2-C018-45FE-BC7C-B51F0D2C25FE}.Release|Any CPU.Build.0 = Release|Any CPU
		{7A55D26E-603A-4650-BE7B-154CFF21953A}.Debug|Any CPU.ActiveCfg = Debug|Any CPU
		{7A55D26E-603A-4650-BE7B-154CFF21953A}.Debug|Any CPU.Build.0 = Debug|Any CPU
		{7A55D26E-603A-4650-BE7B-154CFF21953A}.Release|Any CPU.ActiveCfg = Release|Any CPU
		{7A55D26E-603A-4650-BE7B-154CFF21953A}.Release|Any CPU.Build.0 = Release|Any CPU
		{9E0E2142-E2AF-4EE8-96E5-FC4461B4D535}.Debug|Any CPU.ActiveCfg = Debug|Any CPU
		{9E0E2142-E2AF-4EE8-96E5-FC4461B4D535}.Debug|Any CPU.Build.0 = Debug|Any CPU
		{9E0E2142-E2AF-4EE8-96E5-FC4461B4D535}.Release|Any CPU.ActiveCfg = Release|Any CPU
		{9E0E2142-E2AF-4EE8-96E5-FC4461B4D535}.Release|Any CPU.Build.0 = Release|Any CPU
		{EDFE3569-E3B1-450F-8027-DC31754FC9F3}.Debug|Any CPU.ActiveCfg = Debug|Any CPU
		{EDFE3569-E3B1-450F-8027-DC31754FC9F3}.Debug|Any CPU.Build.0 = Debug|Any CPU
		{EDFE3569-E3B1-450F-8027-DC31754FC9F3}.Release|Any CPU.ActiveCfg = Release|Any CPU
		{EDFE3569-E3B1-450F-8027-DC31754FC9F3}.Release|Any CPU.Build.0 = Release|Any CPU
		{21CFA0B4-9FA2-4B2A-9BBE-5620C5A83A0C}.Debug|Any CPU.ActiveCfg = Debug|Any CPU
		{21CFA0B4-9FA2-4B2A-9BBE-5620C5A83A0C}.Debug|Any CPU.Build.0 = Debug|Any CPU
		{21CFA0B4-9FA2-4B2A-9BBE-5620C5A83A0C}.Release|Any CPU.ActiveCfg = Release|Any CPU
		{21CFA0B4-9FA2-4B2A-9BBE-5620C5A83A0C}.Release|Any CPU.Build.0 = Release|Any CPU
		{9270F052-B521-49B0-A616-A877EAFA7BE6}.Debug|Any CPU.ActiveCfg = Debug|Any CPU
		{9270F052-B521-49B0-A616-A877EAFA7BE6}.Debug|Any CPU.Build.0 = Debug|Any CPU
		{9270F052-B521-49B0-A616-A877EAFA7BE6}.Release|Any CPU.ActiveCfg = Release|Any CPU
		{9270F052-B521-49B0-A616-A877EAFA7BE6}.Release|Any CPU.Build.0 = Release|Any CPU
		{FAF24312-4B5C-4C95-BD6B-153616983818}.Debug|Any CPU.ActiveCfg = Debug|Any CPU
		{FAF24312-4B5C-4C95-BD6B-153616983818}.Debug|Any CPU.Build.0 = Debug|Any CPU
		{FAF24312-4B5C-4C95-BD6B-153616983818}.Release|Any CPU.ActiveCfg = Release|Any CPU
		{FAF24312-4B5C-4C95-BD6B-153616983818}.Release|Any CPU.Build.0 = Release|Any CPU
		{8DC63E83-11F2-49C2-98AD-F9B920B17FF7}.Debug|Any CPU.ActiveCfg = Debug|Any CPU
		{8DC63E83-11F2-49C2-98AD-F9B920B17FF7}.Debug|Any CPU.Build.0 = Debug|Any CPU
		{8DC63E83-11F2-49C2-98AD-F9B920B17FF7}.Release|Any CPU.ActiveCfg = Release|Any CPU
		{8DC63E83-11F2-49C2-98AD-F9B920B17FF7}.Release|Any CPU.Build.0 = Release|Any CPU
		{08B544B3-3182-4E20-AAFC-A3593C5382DF}.Debug|Any CPU.ActiveCfg = Debug|Any CPU
		{08B544B3-3182-4E20-AAFC-A3593C5382DF}.Debug|Any CPU.Build.0 = Debug|Any CPU
		{08B544B3-3182-4E20-AAFC-A3593C5382DF}.Release|Any CPU.ActiveCfg = Release|Any CPU
		{08B544B3-3182-4E20-AAFC-A3593C5382DF}.Release|Any CPU.Build.0 = Release|Any CPU
		{96EE881E-DBA0-4DF1-AC3A-1C1F8D0109D9}.Debug|Any CPU.ActiveCfg = Debug|Any CPU
		{96EE881E-DBA0-4DF1-AC3A-1C1F8D0109D9}.Debug|Any CPU.Build.0 = Debug|Any CPU
		{96EE881E-DBA0-4DF1-AC3A-1C1F8D0109D9}.Release|Any CPU.ActiveCfg = Release|Any CPU
		{96EE881E-DBA0-4DF1-AC3A-1C1F8D0109D9}.Release|Any CPU.Build.0 = Release|Any CPU
		{1672B79D-69FC-4A88-9259-95B1FD2033BC}.Debug|Any CPU.ActiveCfg = Debug|Any CPU
		{1672B79D-69FC-4A88-9259-95B1FD2033BC}.Debug|Any CPU.Build.0 = Debug|Any CPU
		{1672B79D-69FC-4A88-9259-95B1FD2033BC}.Release|Any CPU.ActiveCfg = Release|Any CPU
		{1672B79D-69FC-4A88-9259-95B1FD2033BC}.Release|Any CPU.Build.0 = Release|Any CPU
		{032B6E5F-9A63-481A-9178-C50F9671C69E}.Debug|Any CPU.ActiveCfg = Debug|Any CPU
		{032B6E5F-9A63-481A-9178-C50F9671C69E}.Debug|Any CPU.Build.0 = Debug|Any CPU
		{032B6E5F-9A63-481A-9178-C50F9671C69E}.Release|Any CPU.ActiveCfg = Release|Any CPU
		{032B6E5F-9A63-481A-9178-C50F9671C69E}.Release|Any CPU.Build.0 = Release|Any CPU
		{4EFD4BAB-6661-4596-B332-B3BC25C6C86F}.Debug|Any CPU.ActiveCfg = Debug|Any CPU
		{4EFD4BAB-6661-4596-B332-B3BC25C6C86F}.Debug|Any CPU.Build.0 = Debug|Any CPU
		{4EFD4BAB-6661-4596-B332-B3BC25C6C86F}.Release|Any CPU.ActiveCfg = Release|Any CPU
		{4EFD4BAB-6661-4596-B332-B3BC25C6C86F}.Release|Any CPU.Build.0 = Release|Any CPU
		{D3EC9737-436F-4B47-8721-12207CF5A669}.Debug|Any CPU.ActiveCfg = Debug|Any CPU
		{D3EC9737-436F-4B47-8721-12207CF5A669}.Debug|Any CPU.Build.0 = Debug|Any CPU
		{D3EC9737-436F-4B47-8721-12207CF5A669}.Release|Any CPU.ActiveCfg = Release|Any CPU
		{D3EC9737-436F-4B47-8721-12207CF5A669}.Release|Any CPU.Build.0 = Release|Any CPU
		{84CA41BA-AF70-4AAC-B784-B35417808A9C}.Debug|Any CPU.ActiveCfg = Debug|Any CPU
		{84CA41BA-AF70-4AAC-B784-B35417808A9C}.Debug|Any CPU.Build.0 = Debug|Any CPU
		{84CA41BA-AF70-4AAC-B784-B35417808A9C}.Release|Any CPU.ActiveCfg = Release|Any CPU
		{84CA41BA-AF70-4AAC-B784-B35417808A9C}.Release|Any CPU.Build.0 = Release|Any CPU
		{125B53B5-1BC6-473F-A890-09211D8B5275}.Debug|Any CPU.ActiveCfg = Debug|Any CPU
		{125B53B5-1BC6-473F-A890-09211D8B5275}.Debug|Any CPU.Build.0 = Debug|Any CPU
		{125B53B5-1BC6-473F-A890-09211D8B5275}.Release|Any CPU.ActiveCfg = Release|Any CPU
		{125B53B5-1BC6-473F-A890-09211D8B5275}.Release|Any CPU.Build.0 = Release|Any CPU
		{65D77FCE-A6F4-4810-A8F6-21B8BB89CF0C}.Debug|Any CPU.ActiveCfg = Debug|Any CPU
		{65D77FCE-A6F4-4810-A8F6-21B8BB89CF0C}.Debug|Any CPU.Build.0 = Debug|Any CPU
		{65D77FCE-A6F4-4810-A8F6-21B8BB89CF0C}.Release|Any CPU.ActiveCfg = Release|Any CPU
		{65D77FCE-A6F4-4810-A8F6-21B8BB89CF0C}.Release|Any CPU.Build.0 = Release|Any CPU
		{6668E989-FE26-4FC3-8722-1E6DF3BB5BE2}.Debug|Any CPU.ActiveCfg = Debug|Any CPU
		{6668E989-FE26-4FC3-8722-1E6DF3BB5BE2}.Debug|Any CPU.Build.0 = Debug|Any CPU
		{6668E989-FE26-4FC3-8722-1E6DF3BB5BE2}.Release|Any CPU.ActiveCfg = Release|Any CPU
		{6668E989-FE26-4FC3-8722-1E6DF3BB5BE2}.Release|Any CPU.Build.0 = Release|Any CPU
		{AF95D37F-BD61-4D10-B6AA-29F97D75E60E}.Debug|Any CPU.ActiveCfg = Debug|Any CPU
		{AF95D37F-BD61-4D10-B6AA-29F97D75E60E}.Debug|Any CPU.Build.0 = Debug|Any CPU
		{AF95D37F-BD61-4D10-B6AA-29F97D75E60E}.Release|Any CPU.ActiveCfg = Release|Any CPU
		{AF95D37F-BD61-4D10-B6AA-29F97D75E60E}.Release|Any CPU.Build.0 = Release|Any CPU
	EndGlobalSection
	GlobalSection(SolutionProperties) = preSolution
		HideSolutionNode = FALSE
	EndGlobalSection
	GlobalSection(ExtensibilityGlobals) = postSolution
		SolutionGuid = {71456939-5DC9-4551-AAB2-FA5338D1EC95}
	EndGlobalSection
EndGlobal
