
Microsoft Visual Studio Solution File, Format Version 12.00
# Visual Studio Version 17
VisualStudioVersion = 17.10.34916.146
MinimumVisualStudioVersion = 10.0.40219.1
Project("{9A19103F-16F7-4668-BE54-9A1E7A4F7556}") = "ConsoleQuestion10Nov2024", "ConsoleQuestion10Nov2024\ConsoleQuestion10Nov2024.csproj", "{30BDA4B5-8DC0-420C-A93B-CCC3EC619CDD}"
EndProject
Project("{9A19103F-16F7-4668-BE54-9A1E7A4F7556}") = "ConsoleCause10Nov2024", "ConsoleCause10Nov2024\ConsoleCause10Nov2024.csproj", "{DA04FEB1-CB93-4493-9081-2143D5C1AAFA}"
EndProject
Project("{9A19103F-16F7-4668-BE54-9A1E7A4F7556}") = "ConsoleExplanation10Nov2024", "ConsoleExplanation10Nov2024\ConsoleExplanation10Nov2024.csproj", "{28A157F2-7E00-4AF5-8F41-F3C278139C59}"
EndProject
Project("{9A19103F-16F7-4668-BE54-9A1E7A4F7556}") = "ConsoleEffect10Nov2024", "ConsoleEffect10Nov2024\ConsoleEffect10Nov2024.csproj", "{42A1269A-F3DC-4831-845B-481D9AA1A9F5}"
EndProject
Project("{9A19103F-16F7-4668-BE54-9A1E7A4F7556}") = "ConsoleContext10Nov2024", "ConsoleContext10Nov2024\ConsoleContext10Nov2024.csproj", "{75794838-73F7-4549-95C5-5CBA04F6BE72}"
EndProject
Project("{9A19103F-16F7-4668-BE54-9A1E7A4F7556}") = "ConsoleContext11Nov2024", "ConsoleContext11Nov2024\ConsoleContext11Nov2024.csproj", "{744E3548-AA83-49CB-8C51-E230011C0819}"
EndProject
Project("{9A19103F-16F7-4668-BE54-9A1E7A4F7556}") = "ConsoleWikiWhy12Nov2024", "ConsoleWikiWhy12Nov2024\ConsoleWikiWhy12Nov2024.csproj", "{B8BFB3E6-DAC7-4720-9DD4-96837283BC6B}"
EndProject
Project("{9A19103F-16F7-4668-BE54-9A1E7A4F7556}") = "LibraryWikiWhy13Nov2024", "LibraryWikiWhy13Nov2024\LibraryWikiWhy13Nov2024.csproj", "{D1176A93-6930-4897-8615-07B00FFCFDAD}"
EndProject
Project("{9A19103F-16F7-4668-BE54-9A1E7A4F7556}") = "ConsoleWikiWhy13Nov2024", "ConsoleWikiWhy13Nov2024\ConsoleWikiWhy13Nov2024.csproj", "{06F177EB-4780-4FA2-8D18-A18BB61B1E13}"
EndProject
Project("{FAE04EC0-301F-11D3-BF4B-00C04F79EFBC}") = "LibraryRNN10Nov2024", "LibraryRNN10Nov2024\LibraryRNN10Nov2024.csproj", "{5B815CB2-F350-4461-845E-2B487062882C}"
EndProject
Project("{FAE04EC0-301F-11D3-BF4B-00C04F79EFBC}") = "ConsoleRNNGloVe10Nov2024_300d", "ConsoleRNNGloVe10Nov2024_300d\ConsoleRNNGloVe10Nov2024_300d.csproj", "{C278535B-E575-4ACD-9D3D-92A5BBE319E0}"
EndProject
Project("{FAE04EC0-301F-11D3-BF4B-00C04F79EFBC}") = "LibraryGlobalVectors10Nov2024", "LibraryGlobalVectors10Nov2024\LibraryGlobalVectors10Nov2024.csproj", "{76F74F60-5908-4CB5-AAB5-6B1FB87909C3}"
EndProject
Project("{FAE04EC0-301F-11D3-BF4B-00C04F79EFBC}") = "ConsoleRNN10Nov2024", "ConsoleRNN10Nov2024\ConsoleRNN10Nov2024.csproj", "{DD5B8A99-7DFB-4051-8CD4-D3CA2670CDFB}"
EndProject
Project("{FAE04EC0-301F-11D3-BF4B-00C04F79EFBC}") = "ConsoleRNNGloVe10Nov2024_100d", "ConsoleRNNGloVe10Nov2024_100d\ConsoleRNNGloVe10Nov2024_100d.csproj", "{2518ADD9-6583-47EB-8CA9-F100DFDC3E4C}"
EndProject
Project("{FAE04EC0-301F-11D3-BF4B-00C04F79EFBC}") = "LibraryImprovedRNN10Nov2024", "LibraryImprovedRNN10Nov2024\LibraryImprovedRNN10Nov2024.csproj", "{388639A1-3572-4AA4-B849-B7977332A094}"
EndProject
Project("{FAE04EC0-301F-11D3-BF4B-00C04F79EFBC}") = "ConsoleImprovedRNN10Nov2024_300d", "ConsoleImprovedRNN10Nov2024_300d\ConsoleImprovedRNN10Nov2024_300d.csproj", "{9F16ABF8-510A-413E-A657-A9EF45C94D8D}"
EndProject
Project("{FAE04EC0-301F-11D3-BF4B-00C04F79EFBC}") = "ConsoleImprovedRNN11Nov2024_300d", "ConsoleImprovedRNN11Nov2024_300d\ConsoleImprovedRNN11Nov2024_300d.csproj", "{2F5213C2-C018-45FE-BC7C-B51F0D2C25FE}"
EndProject
Project("{FAE04EC0-301F-11D3-BF4B-00C04F79EFBC}") = "LibraryGradientRNN10Nov2024", "LibraryGradientRNN10Nov2024\LibraryGradientRNN10Nov2024.csproj", "{7A55D26E-603A-4650-BE7B-154CFF21953A}"
EndProject
Project("{FAE04EC0-301F-11D3-BF4B-00C04F79EFBC}") = "ConsoleGradientRNN10Nov2024_300d", "ConsoleGradientRNN10Nov2024_300d\ConsoleGradientRNN10Nov2024_300d.csproj", "{9E0E2142-E2AF-4EE8-96E5-FC4461B4D535}"
EndProject
Project("{FAE04EC0-301F-11D3-BF4B-00C04F79EFBC}") = "ConsoleGradientRNNGloVe10Nov2024_300d", "ConsoleGradientRNNGloVe10Nov2024_300d\ConsoleGradientRNNGloVe10Nov2024_300d.csproj", "{EDFE3569-E3B1-450F-8027-DC31754FC9F3}"
EndProject
Global
	GlobalSection(SolutionConfigurationPlatforms) = preSolution
		Debug|Any CPU = Debug|Any CPU
		Release|Any CPU = Release|Any CPU
	EndGlobalSection
	GlobalSection(ProjectConfigurationPlatforms) = postSolution
		{30BDA4B5-8DC0-420C-A93B-CCC3EC619CDD}.Debug|Any CPU.ActiveCfg = Debug|Any CPU
		{30BDA4B5-8DC0-420C-A93B-CCC3EC619CDD}.Debug|Any CPU.Build.0 = Debug|Any CPU
		{30BDA4B5-8DC0-420C-A93B-CCC3EC619CDD}.Release|Any CPU.ActiveCfg = Release|Any CPU
		{30BDA4B5-8DC0-420C-A93B-CCC3EC619CDD}.Release|Any CPU.Build.0 = Release|Any CPU
		{DA04FEB1-CB93-4493-9081-2143D5C1AAFA}.Debug|Any CPU.ActiveCfg = Debug|Any CPU
		{DA04FEB1-CB93-4493-9081-2143D5C1AAFA}.Debug|Any CPU.Build.0 = Debug|Any CPU
		{DA04FEB1-CB93-4493-9081-2143D5C1AAFA}.Release|Any CPU.ActiveCfg = Release|Any CPU
		{DA04FEB1-CB93-4493-9081-2143D5C1AAFA}.Release|Any CPU.Build.0 = Release|Any CPU
		{28A157F2-7E00-4AF5-8F41-F3C278139C59}.Debug|Any CPU.ActiveCfg = Debug|Any CPU
		{28A157F2-7E00-4AF5-8F41-F3C278139C59}.Debug|Any CPU.Build.0 = Debug|Any CPU
		{28A157F2-7E00-4AF5-8F41-F3C278139C59}.Release|Any CPU.ActiveCfg = Release|Any CPU
		{28A157F2-7E00-4AF5-8F41-F3C278139C59}.Release|Any CPU.Build.0 = Release|Any CPU
		{42A1269A-F3DC-4831-845B-481D9AA1A9F5}.Debug|Any CPU.ActiveCfg = Debug|Any CPU
		{42A1269A-F3DC-4831-845B-481D9AA1A9F5}.Debug|Any CPU.Build.0 = Debug|Any CPU
		{42A1269A-F3DC-4831-845B-481D9AA1A9F5}.Release|Any CPU.ActiveCfg = Release|Any CPU
		{42A1269A-F3DC-4831-845B-481D9AA1A9F5}.Release|Any CPU.Build.0 = Release|Any CPU
		{75794838-73F7-4549-95C5-5CBA04F6BE72}.Debug|Any CPU.ActiveCfg = Debug|Any CPU
		{75794838-73F7-4549-95C5-5CBA04F6BE72}.Debug|Any CPU.Build.0 = Debug|Any CPU
		{75794838-73F7-4549-95C5-5CBA04F6BE72}.Release|Any CPU.ActiveCfg = Release|Any CPU
		{75794838-73F7-4549-95C5-5CBA04F6BE72}.Release|Any CPU.Build.0 = Release|Any CPU
		{744E3548-AA83-49CB-8C51-E230011C0819}.Debug|Any CPU.ActiveCfg = Debug|Any CPU
		{744E3548-AA83-49CB-8C51-E230011C0819}.Debug|Any CPU.Build.0 = Debug|Any CPU
		{744E3548-AA83-49CB-8C51-E230011C0819}.Release|Any CPU.ActiveCfg = Release|Any CPU
		{744E3548-AA83-49CB-8C51-E230011C0819}.Release|Any CPU.Build.0 = Release|Any CPU
		{B8BFB3E6-DAC7-4720-9DD4-96837283BC6B}.Debug|Any CPU.ActiveCfg = Debug|Any CPU
		{B8BFB3E6-DAC7-4720-9DD4-96837283BC6B}.Debug|Any CPU.Build.0 = Debug|Any CPU
		{B8BFB3E6-DAC7-4720-9DD4-96837283BC6B}.Release|Any CPU.ActiveCfg = Release|Any CPU
		{B8BFB3E6-DAC7-4720-9DD4-96837283BC6B}.Release|Any CPU.Build.0 = Release|Any CPU
		{D1176A93-6930-4897-8615-07B00FFCFDAD}.Debug|Any CPU.ActiveCfg = Debug|Any CPU
		{D1176A93-6930-4897-8615-07B00FFCFDAD}.Debug|Any CPU.Build.0 = Debug|Any CPU
		{D1176A93-6930-4897-8615-07B00FFCFDAD}.Release|Any CPU.ActiveCfg = Release|Any CPU
		{D1176A93-6930-4897-8615-07B00FFCFDAD}.Release|Any CPU.Build.0 = Release|Any CPU
		{06F177EB-4780-4FA2-8D18-A18BB61B1E13}.Debug|Any CPU.ActiveCfg = Debug|Any CPU
		{06F177EB-4780-4FA2-8D18-A18BB61B1E13}.Debug|Any CPU.Build.0 = Debug|Any CPU
		{06F177EB-4780-4FA2-8D18-A18BB61B1E13}.Release|Any CPU.ActiveCfg = Release|Any CPU
		{06F177EB-4780-4FA2-8D18-A18BB61B1E13}.Release|Any CPU.Build.0 = Release|Any CPU
		{5B815CB2-F350-4461-845E-2B487062882C}.Debug|Any CPU.ActiveCfg = Debug|Any CPU
		{5B815CB2-F350-4461-845E-2B487062882C}.Debug|Any CPU.Build.0 = Debug|Any CPU
		{5B815CB2-F350-4461-845E-2B487062882C}.Release|Any CPU.ActiveCfg = Release|Any CPU
		{5B815CB2-F350-4461-845E-2B487062882C}.Release|Any CPU.Build.0 = Release|Any CPU
		{C278535B-E575-4ACD-9D3D-92A5BBE319E0}.Debug|Any CPU.ActiveCfg = Debug|Any CPU
		{C278535B-E575-4ACD-9D3D-92A5BBE319E0}.Debug|Any CPU.Build.0 = Debug|Any CPU
		{C278535B-E575-4ACD-9D3D-92A5BBE319E0}.Release|Any CPU.ActiveCfg = Release|Any CPU
		{C278535B-E575-4ACD-9D3D-92A5BBE319E0}.Release|Any CPU.Build.0 = Release|Any CPU
		{76F74F60-5908-4CB5-AAB5-6B1FB87909C3}.Debug|Any CPU.ActiveCfg = Debug|Any CPU
		{76F74F60-5908-4CB5-AAB5-6B1FB87909C3}.Debug|Any CPU.Build.0 = Debug|Any CPU
		{76F74F60-5908-4CB5-AAB5-6B1FB87909C3}.Release|Any CPU.ActiveCfg = Release|Any CPU
		{76F74F60-5908-4CB5-AAB5-6B1FB87909C3}.Release|Any CPU.Build.0 = Release|Any CPU
		{DD5B8A99-7DFB-4051-8CD4-D3CA2670CDFB}.Debug|Any CPU.ActiveCfg = Debug|Any CPU
		{DD5B8A99-7DFB-4051-8CD4-D3CA2670CDFB}.Debug|Any CPU.Build.0 = Debug|Any CPU
		{DD5B8A99-7DFB-4051-8CD4-D3CA2670CDFB}.Release|Any CPU.ActiveCfg = Release|Any CPU
		{DD5B8A99-7DFB-4051-8CD4-D3CA2670CDFB}.Release|Any CPU.Build.0 = Release|Any CPU
		{2518ADD9-6583-47EB-8CA9-F100DFDC3E4C}.Debug|Any CPU.ActiveCfg = Debug|Any CPU
		{2518ADD9-6583-47EB-8CA9-F100DFDC3E4C}.Debug|Any CPU.Build.0 = Debug|Any CPU
		{2518ADD9-6583-47EB-8CA9-F100DFDC3E4C}.Release|Any CPU.ActiveCfg = Release|Any CPU
		{2518ADD9-6583-47EB-8CA9-F100DFDC3E4C}.Release|Any CPU.Build.0 = Release|Any CPU
		{388639A1-3572-4AA4-B849-B7977332A094}.Debug|Any CPU.ActiveCfg = Debug|Any CPU
		{388639A1-3572-4AA4-B849-B7977332A094}.Debug|Any CPU.Build.0 = Debug|Any CPU
		{388639A1-3572-4AA4-B849-B7977332A094}.Release|Any CPU.ActiveCfg = Release|Any CPU
		{388639A1-3572-4AA4-B849-B7977332A094}.Release|Any CPU.Build.0 = Release|Any CPU
		{9F16ABF8-510A-413E-A657-A9EF45C94D8D}.Debug|Any CPU.ActiveCfg = Debug|Any CPU
		{9F16ABF8-510A-413E-A657-A9EF45C94D8D}.Debug|Any CPU.Build.0 = Debug|Any CPU
		{9F16ABF8-510A-413E-A657-A9EF45C94D8D}.Release|Any CPU.ActiveCfg = Release|Any CPU
		{9F16ABF8-510A-413E-A657-A9EF45C94D8D}.Release|Any CPU.Build.0 = Release|Any CPU
		{2F5213C2-C018-45FE-BC7C-B51F0D2C25FE}.Debug|Any CPU.ActiveCfg = Debug|Any CPU
		{2F5213C2-C018-45FE-BC7C-B51F0D2C25FE}.Debug|Any CPU.Build.0 = Debug|Any CPU
		{2F5213C2-C018-45FE-BC7C-B51F0D2C25FE}.Release|Any CPU.ActiveCfg = Release|Any CPU
		{2F5213C2-C018-45FE-BC7C-B51F0D2C25FE}.Release|Any CPU.Build.0 = Release|Any CPU
		{7A55D26E-603A-4650-BE7B-154CFF21953A}.Debug|Any CPU.ActiveCfg = Debug|Any CPU
		{7A55D26E-603A-4650-BE7B-154CFF21953A}.Debug|Any CPU.Build.0 = Debug|Any CPU
		{7A55D26E-603A-4650-BE7B-154CFF21953A}.Release|Any CPU.ActiveCfg = Release|Any CPU
		{7A55D26E-603A-4650-BE7B-154CFF21953A}.Release|Any CPU.Build.0 = Release|Any CPU
		{9E0E2142-E2AF-4EE8-96E5-FC4461B4D535}.Debug|Any CPU.ActiveCfg = Debug|Any CPU
		{9E0E2142-E2AF-4EE8-96E5-FC4461B4D535}.Debug|Any CPU.Build.0 = Debug|Any CPU
		{9E0E2142-E2AF-4EE8-96E5-FC4461B4D535}.Release|Any CPU.ActiveCfg = Release|Any CPU
		{9E0E2142-E2AF-4EE8-96E5-FC4461B4D535}.Release|Any CPU.Build.0 = Release|Any CPU
		{EDFE3569-E3B1-450F-8027-DC31754FC9F3}.Debug|Any CPU.ActiveCfg = Debug|Any CPU
		{EDFE3569-E3B1-450F-8027-DC31754FC9F3}.Debug|Any CPU.Build.0 = Debug|Any CPU
		{EDFE3569-E3B1-450F-8027-DC31754FC9F3}.Release|Any CPU.ActiveCfg = Release|Any CPU
		{EDFE3569-E3B1-450F-8027-DC31754FC9F3}.Release|Any CPU.Build.0 = Release|Any CPU
	EndGlobalSection
	GlobalSection(SolutionProperties) = preSolution
		HideSolutionNode = FALSE
	EndGlobalSection
	GlobalSection(ExtensibilityGlobals) = postSolution
		SolutionGuid = {71456939-5DC9-4551-AAB2-FA5338D1EC95}
	EndGlobalSection
EndGlobal
